// !$*UTF8*$!
{
	archiveVersion = 1;
	classes = {
	};
	objectVersion = 46;
	objects = {

/* Begin PBXBuildFile section */
		2B00422E1EE1E41900A747BA /* Tutorial2ViewController.swift in Sources */ = {isa = PBXBuildFile; fileRef = 2B00422D1EE1E41900A747BA /* Tutorial2ViewController.swift */; };
		2B0042301EE1E43B00A747BA /* Tutorial3ViewController.swift in Sources */ = {isa = PBXBuildFile; fileRef = 2B00422F1EE1E43A00A747BA /* Tutorial3ViewController.swift */; };
		2B0042321EE1E44500A747BA /* Tutorial4ViewController.swift in Sources */ = {isa = PBXBuildFile; fileRef = 2B0042311EE1E44500A747BA /* Tutorial4ViewController.swift */; };
		2B0042341EE1E44E00A747BA /* Tutorial5ViewController.swift in Sources */ = {isa = PBXBuildFile; fileRef = 2B0042331EE1E44E00A747BA /* Tutorial5ViewController.swift */; };
		2B0042361EE1E45900A747BA /* Tutorial6ViewController.swift in Sources */ = {isa = PBXBuildFile; fileRef = 2B0042351EE1E45900A747BA /* Tutorial6ViewController.swift */; };
		2B0042381EE1E46400A747BA /* Tutorial7ViewController.swift in Sources */ = {isa = PBXBuildFile; fileRef = 2B0042371EE1E46400A747BA /* Tutorial7ViewController.swift */; };
		2B00423A1EE1E46B00A747BA /* Tutorial8ViewController.swift in Sources */ = {isa = PBXBuildFile; fileRef = 2B0042391EE1E46B00A747BA /* Tutorial8ViewController.swift */; };
		2B00423C1EE1E47800A747BA /* Tutorial9ViewController.swift in Sources */ = {isa = PBXBuildFile; fileRef = 2B00423B1EE1E47800A747BA /* Tutorial9ViewController.swift */; };
		2B00423E1EE1E47F00A747BA /* Tutorial10ViewController.swift in Sources */ = {isa = PBXBuildFile; fileRef = 2B00423D1EE1E47F00A747BA /* Tutorial10ViewController.swift */; };
		2B0042401EE1E48800A747BA /* Tutorial11ViewController.swift in Sources */ = {isa = PBXBuildFile; fileRef = 2B00423F1EE1E48800A747BA /* Tutorial11ViewController.swift */; };
		2B0042421EE1E49800A747BA /* Tutorial12ViewController.swift in Sources */ = {isa = PBXBuildFile; fileRef = 2B0042411EE1E49800A747BA /* Tutorial12ViewController.swift */; };
		2B0042441EE1E4A100A747BA /* Tutorial13ViewController.swift in Sources */ = {isa = PBXBuildFile; fileRef = 2B0042431EE1E4A100A747BA /* Tutorial13ViewController.swift */; };
		2B0042461EE1E4AD00A747BA /* Tutorial14ViewController.swift in Sources */ = {isa = PBXBuildFile; fileRef = 2B0042451EE1E4AD00A747BA /* Tutorial14ViewController.swift */; };
		2B0042481EE1E4B900A747BA /* Tutorial15ViewController.swift in Sources */ = {isa = PBXBuildFile; fileRef = 2B0042471EE1E4B900A747BA /* Tutorial15ViewController.swift */; };
		2B00424A1EE1E4D600A747BA /* Tutorial16ViewController.swift in Sources */ = {isa = PBXBuildFile; fileRef = 2B0042491EE1E4D600A747BA /* Tutorial16ViewController.swift */; };
		2B00424C1EE1E4E000A747BA /* Tutorial17ViewController.swift in Sources */ = {isa = PBXBuildFile; fileRef = 2B00424B1EE1E4E000A747BA /* Tutorial17ViewController.swift */; };
		2B00424E1EE1E4EC00A747BA /* Tutorial18ViewController.swift in Sources */ = {isa = PBXBuildFile; fileRef = 2B00424D1EE1E4EC00A747BA /* Tutorial18ViewController.swift */; };
		2B0042501EE1E4F500A747BA /* Tutorial19ViewController.swift in Sources */ = {isa = PBXBuildFile; fileRef = 2B00424F1EE1E4F500A747BA /* Tutorial19ViewController.swift */; };
		2B0042521EE1E4FC00A747BA /* Tutorial19AViewController.swift in Sources */ = {isa = PBXBuildFile; fileRef = 2B0042511EE1E4FC00A747BA /* Tutorial19AViewController.swift */; };
		2B0042541EE1E50A00A747BA /* Tutorial12AViewController.swift in Sources */ = {isa = PBXBuildFile; fileRef = 2B0042531EE1E50A00A747BA /* Tutorial12AViewController.swift */; };
		2B280F001ED8859700EF6EE1 /* Manteka.ttf in Resources */ = {isa = PBXBuildFile; fileRef = 2B280EFF1ED8859700EF6EE1 /* Manteka.ttf */; };
		2B406E7A1EE8820C0099A0B8 /* RoleInfoViewController.swift in Sources */ = {isa = PBXBuildFile; fileRef = 2B406E791EE8820C0099A0B8 /* RoleInfoViewController.swift */; };
		2B406E7C1EE896360099A0B8 /* CheckBox.swift in Sources */ = {isa = PBXBuildFile; fileRef = 2B406E7B1EE896360099A0B8 /* CheckBox.swift */; };
		2B47C16A1F473A2A00820478 /* CreditsViewController.swift in Sources */ = {isa = PBXBuildFile; fileRef = 2B47C1691F473A2A00820478 /* CreditsViewController.swift */; };
		2B488F041ED3653700A27479 /* HomeViewController.swift in Sources */ = {isa = PBXBuildFile; fileRef = 2B488F031ED3653700A27479 /* HomeViewController.swift */; };
		2B488F0A1ED366F400A27479 /* OptionsViewController.swift in Sources */ = {isa = PBXBuildFile; fileRef = 2B488F091ED366F400A27479 /* OptionsViewController.swift */; };
		2B488F0C1ED3675800A27479 /* RulesMenuViewController.swift in Sources */ = {isa = PBXBuildFile; fileRef = 2B488F0B1ED3675800A27479 /* RulesMenuViewController.swift */; };
		2B488F0E1ED3684100A27479 /* Tutorial1ViewController.swift in Sources */ = {isa = PBXBuildFile; fileRef = 2B488F0D1ED3684100A27479 /* Tutorial1ViewController.swift */; };
		2B488F121ED3688C00A27479 /* RolesViewController.swift in Sources */ = {isa = PBXBuildFile; fileRef = 2B488F111ED3688C00A27479 /* RolesViewController.swift */; };
		2B488F1C1ED3698600A27479 /* 2RoleSetUpViewController.swift in Sources */ = {isa = PBXBuildFile; fileRef = 2B488F1B1ED3698600A27479 /* 2RoleSetUpViewController.swift */; };
		2B488F1E1ED3699400A27479 /* 3CardRevealViewController.swift in Sources */ = {isa = PBXBuildFile; fileRef = 2B488F1D1ED3699400A27479 /* 3CardRevealViewController.swift */; };
		2B488F201ED369A100A27479 /* 4ReadyViewController.swift in Sources */ = {isa = PBXBuildFile; fileRef = 2B488F1F1ED369A100A27479 /* 4ReadyViewController.swift */; };
		2B488F221ED369C300A27479 /* 5StoryViewController.swift in Sources */ = {isa = PBXBuildFile; fileRef = 2B488F211ED369C300A27479 /* 5StoryViewController.swift */; };
		2B488F241ED369D700A27479 /* 6NightViewController.swift in Sources */ = {isa = PBXBuildFile; fileRef = 2B488F231ED369D700A27479 /* 6NightViewController.swift */; };
		2B488F261ED369E600A27479 /* 6DayViewController.swift in Sources */ = {isa = PBXBuildFile; fileRef = 2B488F251ED369E600A27479 /* 6DayViewController.swift */; };
		2B488F291ED36A0200A27479 /* 7ChooseViewController.swift in Sources */ = {isa = PBXBuildFile; fileRef = 2B488F281ED36A0200A27479 /* 7ChooseViewController.swift */; };
		2B488F2B1ED36A3900A27479 /* 8VictoryViewController.swift in Sources */ = {isa = PBXBuildFile; fileRef = 2B488F2A1ED36A3900A27479 /* 8VictoryViewController.swift */; };
		2B488F2D1ED36A6100A27479 /* 9EndViewController.swift in Sources */ = {isa = PBXBuildFile; fileRef = 2B488F2C1ED36A6100A27479 /* 9EndViewController.swift */; };
		2B488F2F1ED375A000A27479 /* Header.swift in Sources */ = {isa = PBXBuildFile; fileRef = 2B488F2E1ED375A000A27479 /* Header.swift */; };
		2B488F311ED37F6A00A27479 /* Info.swift in Sources */ = {isa = PBXBuildFile; fileRef = 2B488F301ED37F6A00A27479 /* Info.swift */; };
		2B488F331ED3A32700A27479 /* PauseViewController.swift in Sources */ = {isa = PBXBuildFile; fileRef = 2B488F321ED3A32700A27479 /* PauseViewController.swift */; };
		2B488F351ED3AEBC00A27479 /* GameRolesViewController.swift in Sources */ = {isa = PBXBuildFile; fileRef = 2B488F341ED3AEBC00A27479 /* GameRolesViewController.swift */; };
		2B488F371ED3AFBC00A27479 /* RoleInformationViewController.swift in Sources */ = {isa = PBXBuildFile; fileRef = 2B488F361ED3AFBC00A27479 /* RoleInformationViewController.swift */; };
		2B5CC8EF1F0C0496002A04B4 /* ChooseCollectionViewController.swift in Sources */ = {isa = PBXBuildFile; fileRef = 2B5CC8EE1F0C0496002A04B4 /* ChooseCollectionViewController.swift */; };
		2B5CC8F31F0C3483002A04B4 /* PlayerCollectionViewCell.swift in Sources */ = {isa = PBXBuildFile; fileRef = 2B5CC8F21F0C3483002A04B4 /* PlayerCollectionViewCell.swift */; };
		2B6CDE4F20C0612B000D36E2 /* SmokeParticle.sks in Resources */ = {isa = PBXBuildFile; fileRef = 2B6CDE4E20C0612B000D36E2 /* SmokeParticle.sks */; };
		2B6CDE5220C06990000D36E2 /* SpriteKit.framework in Frameworks */ = {isa = PBXBuildFile; fileRef = 2B6CDE5120C06990000D36E2 /* SpriteKit.framework */; };
		2B764C641EF5C37F005BC32B /* Player.swift in Sources */ = {isa = PBXBuildFile; fileRef = 2B764C631EF5C37F005BC32B /* Player.swift */; };
		2B764D141EF9E9BC005BC32B /* SoundEffect.swift in Sources */ = {isa = PBXBuildFile; fileRef = 2B764D131EF9E9BC005BC32B /* SoundEffect.swift */; };
		2BB18CE11EDFABE3005E8515 /* Script01ViewController.swift in Sources */ = {isa = PBXBuildFile; fileRef = 2BB18CE01EDFABE3005E8515 /* Script01ViewController.swift */; };
		2BB18CE41EDFE25C005E8515 /* PlayerInfoViewController.swift in Sources */ = {isa = PBXBuildFile; fileRef = 2BB18CE31EDFE25C005E8515 /* PlayerInfoViewController.swift */; };
		2BB18CE61EDFE268005E8515 /* OptionsInfoViewController.swift in Sources */ = {isa = PBXBuildFile; fileRef = 2BB18CE51EDFE268005E8515 /* OptionsInfoViewController.swift */; };
		2BB18CE81EDFE277005E8515 /* CardsInfoViewController.swift in Sources */ = {isa = PBXBuildFile; fileRef = 2BB18CE71EDFE277005E8515 /* CardsInfoViewController.swift */; };
		2BC4ABFF1ED888D00075D142 /* Script2ViewController.swift in Sources */ = {isa = PBXBuildFile; fileRef = 2BC4ABFE1ED888D00075D142 /* Script2ViewController.swift */; };
		2BC4AC011ED888D80075D142 /* Script3ViewController.swift in Sources */ = {isa = PBXBuildFile; fileRef = 2BC4AC001ED888D80075D142 /* Script3ViewController.swift */; };
		2BC4AC031ED888E10075D142 /* Script4ViewController.swift in Sources */ = {isa = PBXBuildFile; fileRef = 2BC4AC021ED888E10075D142 /* Script4ViewController.swift */; };
		2BC4AC051ED888F00075D142 /* Script5ViewController.swift in Sources */ = {isa = PBXBuildFile; fileRef = 2BC4AC041ED888F00075D142 /* Script5ViewController.swift */; };
		2BC4AC071ED888FC0075D142 /* Script6ViewController.swift in Sources */ = {isa = PBXBuildFile; fileRef = 2BC4AC061ED888FC0075D142 /* Script6ViewController.swift */; };
		2BC4AC091ED889060075D142 /* Script7ViewController.swift in Sources */ = {isa = PBXBuildFile; fileRef = 2BC4AC081ED889060075D142 /* Script7ViewController.swift */; };
		2BC4AC0B1ED8890E0075D142 /* Script8ViewController.swift in Sources */ = {isa = PBXBuildFile; fileRef = 2BC4AC0A1ED8890E0075D142 /* Script8ViewController.swift */; };
		2BC4AC0D1ED8891D0075D142 /* Script9ViewController.swift in Sources */ = {isa = PBXBuildFile; fileRef = 2BC4AC0C1ED8891D0075D142 /* Script9ViewController.swift */; };
		2BC4AC0F1ED889290075D142 /* Script10ViewController.swift in Sources */ = {isa = PBXBuildFile; fileRef = 2BC4AC0E1ED889290075D142 /* Script10ViewController.swift */; };
		2BC4AC111ED889330075D142 /* Script11ViewController.swift in Sources */ = {isa = PBXBuildFile; fileRef = 2BC4AC101ED889330075D142 /* Script11ViewController.swift */; };
		2BC4AC131ED889470075D142 /* Script12ViewController.swift in Sources */ = {isa = PBXBuildFile; fileRef = 2BC4AC121ED889470075D142 /* Script12ViewController.swift */; };
		2BC4AC151ED8894F0075D142 /* Script13ViewController.swift in Sources */ = {isa = PBXBuildFile; fileRef = 2BC4AC141ED8894F0075D142 /* Script13ViewController.swift */; };
		2BC4AC171ED899D80075D142 /* Script2AViewController.swift in Sources */ = {isa = PBXBuildFile; fileRef = 2BC4AC161ED899D80075D142 /* Script2AViewController.swift */; };
		2BC4AC191ED899ED0075D142 /* Script3AViewController.swift in Sources */ = {isa = PBXBuildFile; fileRef = 2BC4AC181ED899ED0075D142 /* Script3AViewController.swift */; };
		2BC4AC1B1ED899FD0075D142 /* Script4AViewController.swift in Sources */ = {isa = PBXBuildFile; fileRef = 2BC4AC1A1ED899FD0075D142 /* Script4AViewController.swift */; };
		2BC4AC1D1ED89A090075D142 /* Script5AViewController.swift in Sources */ = {isa = PBXBuildFile; fileRef = 2BC4AC1C1ED89A090075D142 /* Script5AViewController.swift */; };
		2BC4AC1F1ED89A110075D142 /* Script7AViewController.swift in Sources */ = {isa = PBXBuildFile; fileRef = 2BC4AC1E1ED89A110075D142 /* Script7AViewController.swift */; };
		2BC4AC211ED89A200075D142 /* Script8AViewController.swift in Sources */ = {isa = PBXBuildFile; fileRef = 2BC4AC201ED89A200075D142 /* Script8AViewController.swift */; };
		2BC4AC231ED89A330075D142 /* Script9AViewController.swift in Sources */ = {isa = PBXBuildFile; fileRef = 2BC4AC221ED89A330075D142 /* Script9AViewController.swift */; };
		2BC4AC251ED89A3B0075D142 /* Script10AViewController.swift in Sources */ = {isa = PBXBuildFile; fileRef = 2BC4AC241ED89A3B0075D142 /* Script10AViewController.swift */; };
		2BC4AC271ED89A490075D142 /* Script12AViewController.swift in Sources */ = {isa = PBXBuildFile; fileRef = 2BC4AC261ED89A490075D142 /* Script12AViewController.swift */; };
		2BFEDDED1EC4C2E600AB18BD /* AppDelegate.swift in Sources */ = {isa = PBXBuildFile; fileRef = 2BFEDDEC1EC4C2E600AB18BD /* AppDelegate.swift */; };
		2BFEDDF21EC4C2E600AB18BD /* Main.storyboard in Resources */ = {isa = PBXBuildFile; fileRef = 2BFEDDF01EC4C2E600AB18BD /* Main.storyboard */; };
		2BFEDDF41EC4C2E600AB18BD /* Assets.xcassets in Resources */ = {isa = PBXBuildFile; fileRef = 2BFEDDF31EC4C2E600AB18BD /* Assets.xcassets */; };
		2BFEDDF71EC4C2E600AB18BD /* LaunchScreen.storyboard in Resources */ = {isa = PBXBuildFile; fileRef = 2BFEDDF51EC4C2E600AB18BD /* LaunchScreen.storyboard */; };
		2BFEDE021EC4C2E600AB18BD /* MafiaRisingTests.swift in Sources */ = {isa = PBXBuildFile; fileRef = 2BFEDE011EC4C2E600AB18BD /* MafiaRisingTests.swift */; };
		2BFEDE0D1EC4C2E700AB18BD /* MafiaRisingUITests.swift in Sources */ = {isa = PBXBuildFile; fileRef = 2BFEDE0C1EC4C2E700AB18BD /* MafiaRisingUITests.swift */; };
		2BFEDE1B1EC4C7CE00AB18BD /* Kefa.ttc in Resources */ = {isa = PBXBuildFile; fileRef = 2BFEDE1A1EC4C7CE00AB18BD /* Kefa.ttc */; };
		84A3C3511EE9D19A00C802E6 /* Universal Functions.swift in Sources */ = {isa = PBXBuildFile; fileRef = 84A3C3501EE9D19A00C802E6 /* Universal Functions.swift */; };
		84AF22671EE7A12F006D0EA5 /* TutorialPageVC.swift in Sources */ = {isa = PBXBuildFile; fileRef = 84AF22661EE7A12F006D0EA5 /* TutorialPageVC.swift */; };
		84AF22691EE7A224006D0EA5 /* TutorialPageVCVert1.swift in Sources */ = {isa = PBXBuildFile; fileRef = 84AF22681EE7A224006D0EA5 /* TutorialPageVCVert1.swift */; };
		84AF226B1EE7A291006D0EA5 /* TutorialPageVCVert2.swift in Sources */ = {isa = PBXBuildFile; fileRef = 84AF226A1EE7A291006D0EA5 /* TutorialPageVCVert2.swift */; };
		84AF226D1EE7A589006D0EA5 /* TutorialMainVC.swift in Sources */ = {isa = PBXBuildFile; fileRef = 84AF226C1EE7A589006D0EA5 /* TutorialMainVC.swift */; };
		84AF226F1EE7B91D006D0EA5 /* ScriptPageVC.swift in Sources */ = {isa = PBXBuildFile; fileRef = 84AF226E1EE7B91D006D0EA5 /* ScriptPageVC.swift */; };
		84AF22711EE7BA6A006D0EA5 /* ScriptPageVCVert1.swift in Sources */ = {isa = PBXBuildFile; fileRef = 84AF22701EE7BA6A006D0EA5 /* ScriptPageVCVert1.swift */; };
		84AF22741EE7BD01006D0EA5 /* ScriptPageVCVert2.swift in Sources */ = {isa = PBXBuildFile; fileRef = 84AF22731EE7BD01006D0EA5 /* ScriptPageVCVert2.swift */; };
		84AF22761EE7BD0C006D0EA5 /* ScriptPageVCVert3.swift in Sources */ = {isa = PBXBuildFile; fileRef = 84AF22751EE7BD0C006D0EA5 /* ScriptPageVCVert3.swift */; };
		84AF22781EE7BD14006D0EA5 /* ScriptPageVCVert4.swift in Sources */ = {isa = PBXBuildFile; fileRef = 84AF22771EE7BD14006D0EA5 /* ScriptPageVCVert4.swift */; };
		84AF227A1EE7BD1E006D0EA5 /* ScriptPageVCVert5.swift in Sources */ = {isa = PBXBuildFile; fileRef = 84AF22791EE7BD1E006D0EA5 /* ScriptPageVCVert5.swift */; };
		84AF227C1EE7BD26006D0EA5 /* ScriptPageVCVert6.swift in Sources */ = {isa = PBXBuildFile; fileRef = 84AF227B1EE7BD26006D0EA5 /* ScriptPageVCVert6.swift */; };
		84AF227E1EE7BD2F006D0EA5 /* ScriptPageVCVert7.swift in Sources */ = {isa = PBXBuildFile; fileRef = 84AF227D1EE7BD2F006D0EA5 /* ScriptPageVCVert7.swift */; };
		84AF22801EE7BD36006D0EA5 /* ScriptPageVCVert8.swift in Sources */ = {isa = PBXBuildFile; fileRef = 84AF227F1EE7BD36006D0EA5 /* ScriptPageVCVert8.swift */; };
		84AF22821EE7BD3E006D0EA5 /* ScriptPageVCVert9.swift in Sources */ = {isa = PBXBuildFile; fileRef = 84AF22811EE7BD3E006D0EA5 /* ScriptPageVCVert9.swift */; };
		84CF2CDA1EF05304008A7052 /* RoleImg.swift in Sources */ = {isa = PBXBuildFile; fileRef = 84CF2CD91EF05304008A7052 /* RoleImg.swift */; };
		84D5BFDA1EE864CB0094390A /* ScriptMainVC.swift in Sources */ = {isa = PBXBuildFile; fileRef = 84D5BFD91EE864CB0094390A /* ScriptMainVC.swift */; };
		84D8E3BD1F41FA1000172221 /* Intro1ViewController.swift in Sources */ = {isa = PBXBuildFile; fileRef = 84D8E3BC1F41FA1000172221 /* Intro1ViewController.swift */; };
		84D8E3BF1F41FA2000172221 /* Intro2ViewController.swift in Sources */ = {isa = PBXBuildFile; fileRef = 84D8E3BE1F41FA2000172221 /* Intro2ViewController.swift */; };
		84D8E3C11F42433600172221 /* 1PlayersViewController.swift in Sources */ = {isa = PBXBuildFile; fileRef = 84D8E3C01F42433600172221 /* 1PlayersViewController.swift */; };
/* End PBXBuildFile section */

/* Begin PBXContainerItemProxy section */
		2BFEDDFE1EC4C2E600AB18BD /* PBXContainerItemProxy */ = {
			isa = PBXContainerItemProxy;
			containerPortal = 2BFEDDE11EC4C2E600AB18BD /* Project object */;
			proxyType = 1;
			remoteGlobalIDString = 2BFEDDE81EC4C2E600AB18BD;
			remoteInfo = MafiaRising;
		};
		2BFEDE091EC4C2E700AB18BD /* PBXContainerItemProxy */ = {
			isa = PBXContainerItemProxy;
			containerPortal = 2BFEDDE11EC4C2E600AB18BD /* Project object */;
			proxyType = 1;
			remoteGlobalIDString = 2BFEDDE81EC4C2E600AB18BD;
			remoteInfo = MafiaRising;
		};
/* End PBXContainerItemProxy section */

/* Begin PBXFileReference section */
		2B00422D1EE1E41900A747BA /* Tutorial2ViewController.swift */ = {isa = PBXFileReference; fileEncoding = 4; lastKnownFileType = sourcecode.swift; path = Tutorial2ViewController.swift; sourceTree = "<group>"; };
		2B00422F1EE1E43A00A747BA /* Tutorial3ViewController.swift */ = {isa = PBXFileReference; fileEncoding = 4; lastKnownFileType = sourcecode.swift; path = Tutorial3ViewController.swift; sourceTree = "<group>"; };
		2B0042311EE1E44500A747BA /* Tutorial4ViewController.swift */ = {isa = PBXFileReference; fileEncoding = 4; lastKnownFileType = sourcecode.swift; path = Tutorial4ViewController.swift; sourceTree = "<group>"; };
		2B0042331EE1E44E00A747BA /* Tutorial5ViewController.swift */ = {isa = PBXFileReference; fileEncoding = 4; lastKnownFileType = sourcecode.swift; path = Tutorial5ViewController.swift; sourceTree = "<group>"; };
		2B0042351EE1E45900A747BA /* Tutorial6ViewController.swift */ = {isa = PBXFileReference; fileEncoding = 4; lastKnownFileType = sourcecode.swift; path = Tutorial6ViewController.swift; sourceTree = "<group>"; };
		2B0042371EE1E46400A747BA /* Tutorial7ViewController.swift */ = {isa = PBXFileReference; fileEncoding = 4; lastKnownFileType = sourcecode.swift; path = Tutorial7ViewController.swift; sourceTree = "<group>"; };
		2B0042391EE1E46B00A747BA /* Tutorial8ViewController.swift */ = {isa = PBXFileReference; fileEncoding = 4; lastKnownFileType = sourcecode.swift; path = Tutorial8ViewController.swift; sourceTree = "<group>"; };
		2B00423B1EE1E47800A747BA /* Tutorial9ViewController.swift */ = {isa = PBXFileReference; fileEncoding = 4; lastKnownFileType = sourcecode.swift; path = Tutorial9ViewController.swift; sourceTree = "<group>"; };
		2B00423D1EE1E47F00A747BA /* Tutorial10ViewController.swift */ = {isa = PBXFileReference; fileEncoding = 4; lastKnownFileType = sourcecode.swift; path = Tutorial10ViewController.swift; sourceTree = "<group>"; };
		2B00423F1EE1E48800A747BA /* Tutorial11ViewController.swift */ = {isa = PBXFileReference; fileEncoding = 4; lastKnownFileType = sourcecode.swift; path = Tutorial11ViewController.swift; sourceTree = "<group>"; };
		2B0042411EE1E49800A747BA /* Tutorial12ViewController.swift */ = {isa = PBXFileReference; fileEncoding = 4; lastKnownFileType = sourcecode.swift; path = Tutorial12ViewController.swift; sourceTree = "<group>"; };
		2B0042431EE1E4A100A747BA /* Tutorial13ViewController.swift */ = {isa = PBXFileReference; fileEncoding = 4; lastKnownFileType = sourcecode.swift; path = Tutorial13ViewController.swift; sourceTree = "<group>"; };
		2B0042451EE1E4AD00A747BA /* Tutorial14ViewController.swift */ = {isa = PBXFileReference; fileEncoding = 4; lastKnownFileType = sourcecode.swift; path = Tutorial14ViewController.swift; sourceTree = "<group>"; };
		2B0042471EE1E4B900A747BA /* Tutorial15ViewController.swift */ = {isa = PBXFileReference; fileEncoding = 4; lastKnownFileType = sourcecode.swift; path = Tutorial15ViewController.swift; sourceTree = "<group>"; };
		2B0042491EE1E4D600A747BA /* Tutorial16ViewController.swift */ = {isa = PBXFileReference; fileEncoding = 4; lastKnownFileType = sourcecode.swift; path = Tutorial16ViewController.swift; sourceTree = "<group>"; };
		2B00424B1EE1E4E000A747BA /* Tutorial17ViewController.swift */ = {isa = PBXFileReference; fileEncoding = 4; lastKnownFileType = sourcecode.swift; path = Tutorial17ViewController.swift; sourceTree = "<group>"; };
		2B00424D1EE1E4EC00A747BA /* Tutorial18ViewController.swift */ = {isa = PBXFileReference; fileEncoding = 4; lastKnownFileType = sourcecode.swift; path = Tutorial18ViewController.swift; sourceTree = "<group>"; };
		2B00424F1EE1E4F500A747BA /* Tutorial19ViewController.swift */ = {isa = PBXFileReference; fileEncoding = 4; lastKnownFileType = sourcecode.swift; path = Tutorial19ViewController.swift; sourceTree = "<group>"; };
		2B0042511EE1E4FC00A747BA /* Tutorial19AViewController.swift */ = {isa = PBXFileReference; fileEncoding = 4; lastKnownFileType = sourcecode.swift; path = Tutorial19AViewController.swift; sourceTree = "<group>"; };
		2B0042531EE1E50A00A747BA /* Tutorial12AViewController.swift */ = {isa = PBXFileReference; fileEncoding = 4; lastKnownFileType = sourcecode.swift; path = Tutorial12AViewController.swift; sourceTree = "<group>"; };
		2B280EFF1ED8859700EF6EE1 /* Manteka.ttf */ = {isa = PBXFileReference; lastKnownFileType = file; path = Manteka.ttf; sourceTree = "<group>"; };
		2B406E791EE8820C0099A0B8 /* RoleInfoViewController.swift */ = {isa = PBXFileReference; fileEncoding = 4; lastKnownFileType = sourcecode.swift; path = RoleInfoViewController.swift; sourceTree = "<group>"; };
		2B406E7B1EE896360099A0B8 /* CheckBox.swift */ = {isa = PBXFileReference; fileEncoding = 4; lastKnownFileType = sourcecode.swift; path = CheckBox.swift; sourceTree = "<group>"; };
		2B47C1691F473A2A00820478 /* CreditsViewController.swift */ = {isa = PBXFileReference; fileEncoding = 4; lastKnownFileType = sourcecode.swift; path = CreditsViewController.swift; sourceTree = "<group>"; };
		2B488F031ED3653700A27479 /* HomeViewController.swift */ = {isa = PBXFileReference; fileEncoding = 4; lastKnownFileType = sourcecode.swift; path = HomeViewController.swift; sourceTree = "<group>"; };
		2B488F091ED366F400A27479 /* OptionsViewController.swift */ = {isa = PBXFileReference; fileEncoding = 4; lastKnownFileType = sourcecode.swift; path = OptionsViewController.swift; sourceTree = "<group>"; };
		2B488F0B1ED3675800A27479 /* RulesMenuViewController.swift */ = {isa = PBXFileReference; fileEncoding = 4; lastKnownFileType = sourcecode.swift; path = RulesMenuViewController.swift; sourceTree = "<group>"; };
		2B488F0D1ED3684100A27479 /* Tutorial1ViewController.swift */ = {isa = PBXFileReference; fileEncoding = 4; lastKnownFileType = sourcecode.swift; path = Tutorial1ViewController.swift; sourceTree = "<group>"; };
		2B488F111ED3688C00A27479 /* RolesViewController.swift */ = {isa = PBXFileReference; fileEncoding = 4; lastKnownFileType = sourcecode.swift; path = RolesViewController.swift; sourceTree = "<group>"; };
		2B488F1B1ED3698600A27479 /* 2RoleSetUpViewController.swift */ = {isa = PBXFileReference; fileEncoding = 4; lastKnownFileType = sourcecode.swift; path = 2RoleSetUpViewController.swift; sourceTree = "<group>"; };
		2B488F1D1ED3699400A27479 /* 3CardRevealViewController.swift */ = {isa = PBXFileReference; fileEncoding = 4; lastKnownFileType = sourcecode.swift; path = 3CardRevealViewController.swift; sourceTree = "<group>"; };
		2B488F1F1ED369A100A27479 /* 4ReadyViewController.swift */ = {isa = PBXFileReference; fileEncoding = 4; lastKnownFileType = sourcecode.swift; path = 4ReadyViewController.swift; sourceTree = "<group>"; };
		2B488F211ED369C300A27479 /* 5StoryViewController.swift */ = {isa = PBXFileReference; fileEncoding = 4; lastKnownFileType = sourcecode.swift; path = 5StoryViewController.swift; sourceTree = "<group>"; };
		2B488F231ED369D700A27479 /* 6NightViewController.swift */ = {isa = PBXFileReference; fileEncoding = 4; lastKnownFileType = sourcecode.swift; path = 6NightViewController.swift; sourceTree = "<group>"; };
		2B488F251ED369E600A27479 /* 6DayViewController.swift */ = {isa = PBXFileReference; fileEncoding = 4; lastKnownFileType = sourcecode.swift; path = 6DayViewController.swift; sourceTree = "<group>"; };
		2B488F281ED36A0200A27479 /* 7ChooseViewController.swift */ = {isa = PBXFileReference; fileEncoding = 4; lastKnownFileType = sourcecode.swift; path = 7ChooseViewController.swift; sourceTree = "<group>"; };
		2B488F2A1ED36A3900A27479 /* 8VictoryViewController.swift */ = {isa = PBXFileReference; fileEncoding = 4; lastKnownFileType = sourcecode.swift; path = 8VictoryViewController.swift; sourceTree = "<group>"; };
		2B488F2C1ED36A6100A27479 /* 9EndViewController.swift */ = {isa = PBXFileReference; fileEncoding = 4; lastKnownFileType = sourcecode.swift; path = 9EndViewController.swift; sourceTree = "<group>"; };
		2B488F2E1ED375A000A27479 /* Header.swift */ = {isa = PBXFileReference; fileEncoding = 4; lastKnownFileType = sourcecode.swift; path = Header.swift; sourceTree = "<group>"; };
		2B488F301ED37F6A00A27479 /* Info.swift */ = {isa = PBXFileReference; fileEncoding = 4; lastKnownFileType = sourcecode.swift; path = Info.swift; sourceTree = "<group>"; };
		2B488F321ED3A32700A27479 /* PauseViewController.swift */ = {isa = PBXFileReference; fileEncoding = 4; lastKnownFileType = sourcecode.swift; path = PauseViewController.swift; sourceTree = "<group>"; };
		2B488F341ED3AEBC00A27479 /* GameRolesViewController.swift */ = {isa = PBXFileReference; fileEncoding = 4; lastKnownFileType = sourcecode.swift; path = GameRolesViewController.swift; sourceTree = "<group>"; };
		2B488F361ED3AFBC00A27479 /* RoleInformationViewController.swift */ = {isa = PBXFileReference; fileEncoding = 4; lastKnownFileType = sourcecode.swift; path = RoleInformationViewController.swift; sourceTree = "<group>"; };
		2B5CC8EE1F0C0496002A04B4 /* ChooseCollectionViewController.swift */ = {isa = PBXFileReference; fileEncoding = 4; lastKnownFileType = sourcecode.swift; path = ChooseCollectionViewController.swift; sourceTree = "<group>"; };
		2B5CC8F21F0C3483002A04B4 /* PlayerCollectionViewCell.swift */ = {isa = PBXFileReference; fileEncoding = 4; lastKnownFileType = sourcecode.swift; path = PlayerCollectionViewCell.swift; sourceTree = "<group>"; };
		2B6CDE4E20C0612B000D36E2 /* SmokeParticle.sks */ = {isa = PBXFileReference; lastKnownFileType = file.sks; path = SmokeParticle.sks; sourceTree = "<group>"; };
		2B6CDE5120C06990000D36E2 /* SpriteKit.framework */ = {isa = PBXFileReference; lastKnownFileType = wrapper.framework; name = SpriteKit.framework; path = System/Library/Frameworks/SpriteKit.framework; sourceTree = SDKROOT; };
		2B764C631EF5C37F005BC32B /* Player.swift */ = {isa = PBXFileReference; fileEncoding = 4; lastKnownFileType = sourcecode.swift; path = Player.swift; sourceTree = "<group>"; };
		2B764D131EF9E9BC005BC32B /* SoundEffect.swift */ = {isa = PBXFileReference; fileEncoding = 4; lastKnownFileType = sourcecode.swift; path = SoundEffect.swift; sourceTree = "<group>"; };
		2BB18CE01EDFABE3005E8515 /* Script01ViewController.swift */ = {isa = PBXFileReference; fileEncoding = 4; lastKnownFileType = sourcecode.swift; path = Script01ViewController.swift; sourceTree = "<group>"; };
		2BB18CE31EDFE25C005E8515 /* PlayerInfoViewController.swift */ = {isa = PBXFileReference; fileEncoding = 4; lastKnownFileType = sourcecode.swift; path = PlayerInfoViewController.swift; sourceTree = "<group>"; };
		2BB18CE51EDFE268005E8515 /* OptionsInfoViewController.swift */ = {isa = PBXFileReference; fileEncoding = 4; lastKnownFileType = sourcecode.swift; path = OptionsInfoViewController.swift; sourceTree = "<group>"; };
		2BB18CE71EDFE277005E8515 /* CardsInfoViewController.swift */ = {isa = PBXFileReference; fileEncoding = 4; lastKnownFileType = sourcecode.swift; path = CardsInfoViewController.swift; sourceTree = "<group>"; };
		2BC4ABFE1ED888D00075D142 /* Script2ViewController.swift */ = {isa = PBXFileReference; fileEncoding = 4; lastKnownFileType = sourcecode.swift; path = Script2ViewController.swift; sourceTree = "<group>"; };
		2BC4AC001ED888D80075D142 /* Script3ViewController.swift */ = {isa = PBXFileReference; fileEncoding = 4; lastKnownFileType = sourcecode.swift; path = Script3ViewController.swift; sourceTree = "<group>"; };
		2BC4AC021ED888E10075D142 /* Script4ViewController.swift */ = {isa = PBXFileReference; fileEncoding = 4; lastKnownFileType = sourcecode.swift; path = Script4ViewController.swift; sourceTree = "<group>"; };
		2BC4AC041ED888F00075D142 /* Script5ViewController.swift */ = {isa = PBXFileReference; fileEncoding = 4; lastKnownFileType = sourcecode.swift; path = Script5ViewController.swift; sourceTree = "<group>"; };
		2BC4AC061ED888FC0075D142 /* Script6ViewController.swift */ = {isa = PBXFileReference; fileEncoding = 4; lastKnownFileType = sourcecode.swift; path = Script6ViewController.swift; sourceTree = "<group>"; };
		2BC4AC081ED889060075D142 /* Script7ViewController.swift */ = {isa = PBXFileReference; fileEncoding = 4; lastKnownFileType = sourcecode.swift; path = Script7ViewController.swift; sourceTree = "<group>"; };
		2BC4AC0A1ED8890E0075D142 /* Script8ViewController.swift */ = {isa = PBXFileReference; fileEncoding = 4; lastKnownFileType = sourcecode.swift; path = Script8ViewController.swift; sourceTree = "<group>"; };
		2BC4AC0C1ED8891D0075D142 /* Script9ViewController.swift */ = {isa = PBXFileReference; fileEncoding = 4; lastKnownFileType = sourcecode.swift; path = Script9ViewController.swift; sourceTree = "<group>"; };
		2BC4AC0E1ED889290075D142 /* Script10ViewController.swift */ = {isa = PBXFileReference; fileEncoding = 4; lastKnownFileType = sourcecode.swift; path = Script10ViewController.swift; sourceTree = "<group>"; };
		2BC4AC101ED889330075D142 /* Script11ViewController.swift */ = {isa = PBXFileReference; fileEncoding = 4; lastKnownFileType = sourcecode.swift; path = Script11ViewController.swift; sourceTree = "<group>"; };
		2BC4AC121ED889470075D142 /* Script12ViewController.swift */ = {isa = PBXFileReference; fileEncoding = 4; lastKnownFileType = sourcecode.swift; path = Script12ViewController.swift; sourceTree = "<group>"; };
		2BC4AC141ED8894F0075D142 /* Script13ViewController.swift */ = {isa = PBXFileReference; fileEncoding = 4; lastKnownFileType = sourcecode.swift; path = Script13ViewController.swift; sourceTree = "<group>"; };
		2BC4AC161ED899D80075D142 /* Script2AViewController.swift */ = {isa = PBXFileReference; fileEncoding = 4; lastKnownFileType = sourcecode.swift; path = Script2AViewController.swift; sourceTree = "<group>"; };
		2BC4AC181ED899ED0075D142 /* Script3AViewController.swift */ = {isa = PBXFileReference; fileEncoding = 4; lastKnownFileType = sourcecode.swift; path = Script3AViewController.swift; sourceTree = "<group>"; };
		2BC4AC1A1ED899FD0075D142 /* Script4AViewController.swift */ = {isa = PBXFileReference; fileEncoding = 4; lastKnownFileType = sourcecode.swift; path = Script4AViewController.swift; sourceTree = "<group>"; };
		2BC4AC1C1ED89A090075D142 /* Script5AViewController.swift */ = {isa = PBXFileReference; fileEncoding = 4; lastKnownFileType = sourcecode.swift; path = Script5AViewController.swift; sourceTree = "<group>"; };
		2BC4AC1E1ED89A110075D142 /* Script7AViewController.swift */ = {isa = PBXFileReference; fileEncoding = 4; lastKnownFileType = sourcecode.swift; path = Script7AViewController.swift; sourceTree = "<group>"; };
		2BC4AC201ED89A200075D142 /* Script8AViewController.swift */ = {isa = PBXFileReference; fileEncoding = 4; lastKnownFileType = sourcecode.swift; path = Script8AViewController.swift; sourceTree = "<group>"; };
		2BC4AC221ED89A330075D142 /* Script9AViewController.swift */ = {isa = PBXFileReference; fileEncoding = 4; lastKnownFileType = sourcecode.swift; path = Script9AViewController.swift; sourceTree = "<group>"; };
		2BC4AC241ED89A3B0075D142 /* Script10AViewController.swift */ = {isa = PBXFileReference; fileEncoding = 4; lastKnownFileType = sourcecode.swift; path = Script10AViewController.swift; sourceTree = "<group>"; };
		2BC4AC261ED89A490075D142 /* Script12AViewController.swift */ = {isa = PBXFileReference; fileEncoding = 4; lastKnownFileType = sourcecode.swift; path = Script12AViewController.swift; sourceTree = "<group>"; };
		2BFEDDE91EC4C2E600AB18BD /* MafiaRising.app */ = {isa = PBXFileReference; explicitFileType = wrapper.application; includeInIndex = 0; path = MafiaRising.app; sourceTree = BUILT_PRODUCTS_DIR; };
		2BFEDDEC1EC4C2E600AB18BD /* AppDelegate.swift */ = {isa = PBXFileReference; lastKnownFileType = sourcecode.swift; path = AppDelegate.swift; sourceTree = "<group>"; };
		2BFEDDF11EC4C2E600AB18BD /* Base */ = {isa = PBXFileReference; lastKnownFileType = file.storyboard; name = Base; path = Base.lproj/Main.storyboard; sourceTree = "<group>"; };
		2BFEDDF31EC4C2E600AB18BD /* Assets.xcassets */ = {isa = PBXFileReference; lastKnownFileType = folder.assetcatalog; path = Assets.xcassets; sourceTree = "<group>"; };
		2BFEDDF61EC4C2E600AB18BD /* Base */ = {isa = PBXFileReference; lastKnownFileType = file.storyboard; name = Base; path = Base.lproj/LaunchScreen.storyboard; sourceTree = "<group>"; };
		2BFEDDF81EC4C2E600AB18BD /* Info.plist */ = {isa = PBXFileReference; lastKnownFileType = text.plist.xml; path = Info.plist; sourceTree = "<group>"; };
		2BFEDDFD1EC4C2E600AB18BD /* MafiaRisingTests.xctest */ = {isa = PBXFileReference; explicitFileType = wrapper.cfbundle; includeInIndex = 0; path = MafiaRisingTests.xctest; sourceTree = BUILT_PRODUCTS_DIR; };
		2BFEDE011EC4C2E600AB18BD /* MafiaRisingTests.swift */ = {isa = PBXFileReference; lastKnownFileType = sourcecode.swift; path = MafiaRisingTests.swift; sourceTree = "<group>"; };
		2BFEDE031EC4C2E600AB18BD /* Info.plist */ = {isa = PBXFileReference; lastKnownFileType = text.plist.xml; path = Info.plist; sourceTree = "<group>"; };
		2BFEDE081EC4C2E700AB18BD /* MafiaRisingUITests.xctest */ = {isa = PBXFileReference; explicitFileType = wrapper.cfbundle; includeInIndex = 0; path = MafiaRisingUITests.xctest; sourceTree = BUILT_PRODUCTS_DIR; };
		2BFEDE0C1EC4C2E700AB18BD /* MafiaRisingUITests.swift */ = {isa = PBXFileReference; lastKnownFileType = sourcecode.swift; path = MafiaRisingUITests.swift; sourceTree = "<group>"; };
		2BFEDE0E1EC4C2E700AB18BD /* Info.plist */ = {isa = PBXFileReference; lastKnownFileType = text.plist.xml; path = Info.plist; sourceTree = "<group>"; };
		2BFEDE1A1EC4C7CE00AB18BD /* Kefa.ttc */ = {isa = PBXFileReference; lastKnownFileType = file; path = Kefa.ttc; sourceTree = "<group>"; };
		84A3C3501EE9D19A00C802E6 /* Universal Functions.swift */ = {isa = PBXFileReference; fileEncoding = 4; lastKnownFileType = sourcecode.swift; path = "Universal Functions.swift"; sourceTree = "<group>"; };
		84AF22661EE7A12F006D0EA5 /* TutorialPageVC.swift */ = {isa = PBXFileReference; fileEncoding = 4; lastKnownFileType = sourcecode.swift; path = TutorialPageVC.swift; sourceTree = "<group>"; };
		84AF22681EE7A224006D0EA5 /* TutorialPageVCVert1.swift */ = {isa = PBXFileReference; fileEncoding = 4; lastKnownFileType = sourcecode.swift; path = TutorialPageVCVert1.swift; sourceTree = "<group>"; };
		84AF226A1EE7A291006D0EA5 /* TutorialPageVCVert2.swift */ = {isa = PBXFileReference; fileEncoding = 4; lastKnownFileType = sourcecode.swift; path = TutorialPageVCVert2.swift; sourceTree = "<group>"; };
		84AF226C1EE7A589006D0EA5 /* TutorialMainVC.swift */ = {isa = PBXFileReference; fileEncoding = 4; lastKnownFileType = sourcecode.swift; path = TutorialMainVC.swift; sourceTree = "<group>"; };
		84AF226E1EE7B91D006D0EA5 /* ScriptPageVC.swift */ = {isa = PBXFileReference; fileEncoding = 4; lastKnownFileType = sourcecode.swift; path = ScriptPageVC.swift; sourceTree = "<group>"; };
		84AF22701EE7BA6A006D0EA5 /* ScriptPageVCVert1.swift */ = {isa = PBXFileReference; fileEncoding = 4; lastKnownFileType = sourcecode.swift; path = ScriptPageVCVert1.swift; sourceTree = "<group>"; };
		84AF22731EE7BD01006D0EA5 /* ScriptPageVCVert2.swift */ = {isa = PBXFileReference; fileEncoding = 4; lastKnownFileType = sourcecode.swift; path = ScriptPageVCVert2.swift; sourceTree = "<group>"; };
		84AF22751EE7BD0C006D0EA5 /* ScriptPageVCVert3.swift */ = {isa = PBXFileReference; fileEncoding = 4; lastKnownFileType = sourcecode.swift; path = ScriptPageVCVert3.swift; sourceTree = "<group>"; };
		84AF22771EE7BD14006D0EA5 /* ScriptPageVCVert4.swift */ = {isa = PBXFileReference; fileEncoding = 4; lastKnownFileType = sourcecode.swift; path = ScriptPageVCVert4.swift; sourceTree = "<group>"; };
		84AF22791EE7BD1E006D0EA5 /* ScriptPageVCVert5.swift */ = {isa = PBXFileReference; fileEncoding = 4; lastKnownFileType = sourcecode.swift; path = ScriptPageVCVert5.swift; sourceTree = "<group>"; };
		84AF227B1EE7BD26006D0EA5 /* ScriptPageVCVert6.swift */ = {isa = PBXFileReference; fileEncoding = 4; lastKnownFileType = sourcecode.swift; path = ScriptPageVCVert6.swift; sourceTree = "<group>"; };
		84AF227D1EE7BD2F006D0EA5 /* ScriptPageVCVert7.swift */ = {isa = PBXFileReference; fileEncoding = 4; lastKnownFileType = sourcecode.swift; path = ScriptPageVCVert7.swift; sourceTree = "<group>"; };
		84AF227F1EE7BD36006D0EA5 /* ScriptPageVCVert8.swift */ = {isa = PBXFileReference; fileEncoding = 4; lastKnownFileType = sourcecode.swift; path = ScriptPageVCVert8.swift; sourceTree = "<group>"; };
		84AF22811EE7BD3E006D0EA5 /* ScriptPageVCVert9.swift */ = {isa = PBXFileReference; fileEncoding = 4; lastKnownFileType = sourcecode.swift; path = ScriptPageVCVert9.swift; sourceTree = "<group>"; };
		84CF2CD91EF05304008A7052 /* RoleImg.swift */ = {isa = PBXFileReference; fileEncoding = 4; lastKnownFileType = sourcecode.swift; path = RoleImg.swift; sourceTree = "<group>"; };
		84D5BFD91EE864CB0094390A /* ScriptMainVC.swift */ = {isa = PBXFileReference; fileEncoding = 4; lastKnownFileType = sourcecode.swift; path = ScriptMainVC.swift; sourceTree = "<group>"; };
		84D8E3BC1F41FA1000172221 /* Intro1ViewController.swift */ = {isa = PBXFileReference; fileEncoding = 4; lastKnownFileType = sourcecode.swift; path = Intro1ViewController.swift; sourceTree = "<group>"; };
		84D8E3BE1F41FA2000172221 /* Intro2ViewController.swift */ = {isa = PBXFileReference; fileEncoding = 4; lastKnownFileType = sourcecode.swift; path = Intro2ViewController.swift; sourceTree = "<group>"; };
		84D8E3C01F42433600172221 /* 1PlayersViewController.swift */ = {isa = PBXFileReference; fileEncoding = 4; lastKnownFileType = sourcecode.swift; path = 1PlayersViewController.swift; sourceTree = "<group>"; };
/* End PBXFileReference section */

/* Begin PBXFrameworksBuildPhase section */
		2BFEDDE61EC4C2E600AB18BD /* Frameworks */ = {
			isa = PBXFrameworksBuildPhase;
			buildActionMask = 2147483647;
			files = (
				2B6CDE5220C06990000D36E2 /* SpriteKit.framework in Frameworks */,
			);
			runOnlyForDeploymentPostprocessing = 0;
		};
		2BFEDDFA1EC4C2E600AB18BD /* Frameworks */ = {
			isa = PBXFrameworksBuildPhase;
			buildActionMask = 2147483647;
			files = (
			);
			runOnlyForDeploymentPostprocessing = 0;
		};
		2BFEDE051EC4C2E600AB18BD /* Frameworks */ = {
			isa = PBXFrameworksBuildPhase;
			buildActionMask = 2147483647;
			files = (
			);
			runOnlyForDeploymentPostprocessing = 0;
		};
/* End PBXFrameworksBuildPhase section */

/* Begin PBXGroup section */
		2B47C16B1F473A5800820478 /* Credits */ = {
			isa = PBXGroup;
			children = (
				2B47C1691F473A2A00820478 /* CreditsViewController.swift */,
			);
			name = Credits;
			sourceTree = "<group>";
		};
		2B488F051ED3668900A27479 /* View */ = {
			isa = PBXGroup;
			children = (
				2B488F2E1ED375A000A27479 /* Header.swift */,
				2B488F301ED37F6A00A27479 /* Info.swift */,
			);
			name = View;
			sourceTree = "<group>";
		};
		2B488F061ED3668F00A27479 /* Controller */ = {
			isa = PBXGroup;
			children = (
				2B47C16B1F473A5800820478 /* Credits */,
				84D8E3BB1F41F9F000172221 /* Intro Screens */,
				2BB18CE21EDFE220005E8515 /* InfoCards */,
				2B488F031ED3653700A27479 /* HomeViewController.swift */,
				2B488F151ED368D000A27479 /* Rules */,
				2B488F141ED368CA00A27479 /* Options */,
				2B488F131ED368BB00A27479 /* Game */,
				2B488F321ED3A32700A27479 /* PauseViewController.swift */,
				2B488F341ED3AEBC00A27479 /* GameRolesViewController.swift */,
			);
			name = Controller;
			sourceTree = "<group>";
		};
		2B488F071ED3669700A27479 /* Model */ = {
			isa = PBXGroup;
			children = (
				2B6CDE4E20C0612B000D36E2 /* SmokeParticle.sks */,
				2B406E7B1EE896360099A0B8 /* CheckBox.swift */,
				84CF2CD91EF05304008A7052 /* RoleImg.swift */,
				84A3C3501EE9D19A00C802E6 /* Universal Functions.swift */,
				2B764C631EF5C37F005BC32B /* Player.swift */,
				2B764D131EF9E9BC005BC32B /* SoundEffect.swift */,
				2B5CC8EE1F0C0496002A04B4 /* ChooseCollectionViewController.swift */,
				2B5CC8F21F0C3483002A04B4 /* PlayerCollectionViewCell.swift */,
			);
			name = Model;
			sourceTree = "<group>";
		};
		2B488F081ED366DD00A27479 /* Resources */ = {
			isa = PBXGroup;
			children = (
				2BFEDE1A1EC4C7CE00AB18BD /* Kefa.ttc */,
				2B280EFF1ED8859700EF6EE1 /* Manteka.ttf */,
			);
			name = Resources;
			sourceTree = "<group>";
		};
		2B488F131ED368BB00A27479 /* Game */ = {
			isa = PBXGroup;
			children = (
				84D8E3C01F42433600172221 /* 1PlayersViewController.swift */,
				2B488F1B1ED3698600A27479 /* 2RoleSetUpViewController.swift */,
				2B488F1D1ED3699400A27479 /* 3CardRevealViewController.swift */,
				2B488F1F1ED369A100A27479 /* 4ReadyViewController.swift */,
				2B488F211ED369C300A27479 /* 5StoryViewController.swift */,
				2B488F231ED369D700A27479 /* 6NightViewController.swift */,
				2B488F251ED369E600A27479 /* 6DayViewController.swift */,
				2B488F281ED36A0200A27479 /* 7ChooseViewController.swift */,
				2B488F2A1ED36A3900A27479 /* 8VictoryViewController.swift */,
				2B488F2C1ED36A6100A27479 /* 9EndViewController.swift */,
			);
			name = Game;
			sourceTree = "<group>";
		};
		2B488F141ED368CA00A27479 /* Options */ = {
			isa = PBXGroup;
			children = (
				2B488F091ED366F400A27479 /* OptionsViewController.swift */,
			);
			name = Options;
			sourceTree = "<group>";
		};
		2B488F151ED368D000A27479 /* Rules */ = {
			isa = PBXGroup;
			children = (
				2B488F0B1ED3675800A27479 /* RulesMenuViewController.swift */,
				2B488F181ED3690900A27479 /* Roles */,
				2B488F171ED368FE00A27479 /* Script */,
				2B488F161ED368F600A27479 /* Tutorial */,
			);
			name = Rules;
			sourceTree = "<group>";
		};
		2B488F161ED368F600A27479 /* Tutorial */ = {
			isa = PBXGroup;
			children = (
				2B488F0D1ED3684100A27479 /* Tutorial1ViewController.swift */,
				2B00422D1EE1E41900A747BA /* Tutorial2ViewController.swift */,
				2B00422F1EE1E43A00A747BA /* Tutorial3ViewController.swift */,
				2B0042311EE1E44500A747BA /* Tutorial4ViewController.swift */,
				2B0042331EE1E44E00A747BA /* Tutorial5ViewController.swift */,
				2B0042351EE1E45900A747BA /* Tutorial6ViewController.swift */,
				2B0042371EE1E46400A747BA /* Tutorial7ViewController.swift */,
				2B0042391EE1E46B00A747BA /* Tutorial8ViewController.swift */,
				2B00423B1EE1E47800A747BA /* Tutorial9ViewController.swift */,
				2B00423D1EE1E47F00A747BA /* Tutorial10ViewController.swift */,
				2B00423F1EE1E48800A747BA /* Tutorial11ViewController.swift */,
				2B0042411EE1E49800A747BA /* Tutorial12ViewController.swift */,
				2B0042531EE1E50A00A747BA /* Tutorial12AViewController.swift */,
				2B0042431EE1E4A100A747BA /* Tutorial13ViewController.swift */,
				2B0042451EE1E4AD00A747BA /* Tutorial14ViewController.swift */,
				2B0042471EE1E4B900A747BA /* Tutorial15ViewController.swift */,
				2B0042491EE1E4D600A747BA /* Tutorial16ViewController.swift */,
				2B00424B1EE1E4E000A747BA /* Tutorial17ViewController.swift */,
				2B00424D1EE1E4EC00A747BA /* Tutorial18ViewController.swift */,
				2B00424F1EE1E4F500A747BA /* Tutorial19ViewController.swift */,
				2B0042511EE1E4FC00A747BA /* Tutorial19AViewController.swift */,
				84AF22661EE7A12F006D0EA5 /* TutorialPageVC.swift */,
				84AF22681EE7A224006D0EA5 /* TutorialPageVCVert1.swift */,
				84AF226A1EE7A291006D0EA5 /* TutorialPageVCVert2.swift */,
				84AF226C1EE7A589006D0EA5 /* TutorialMainVC.swift */,
			);
			name = Tutorial;
			sourceTree = "<group>";
		};
		2B488F171ED368FE00A27479 /* Script */ = {
			isa = PBXGroup;
			children = (
				2BB18CE01EDFABE3005E8515 /* Script01ViewController.swift */,
				2BC4ABFE1ED888D00075D142 /* Script2ViewController.swift */,
				2BC4AC161ED899D80075D142 /* Script2AViewController.swift */,
				2BC4AC181ED899ED0075D142 /* Script3AViewController.swift */,
				2BC4AC001ED888D80075D142 /* Script3ViewController.swift */,
				2BC4AC1A1ED899FD0075D142 /* Script4AViewController.swift */,
				2BC4AC1C1ED89A090075D142 /* Script5AViewController.swift */,
				2BC4AC1E1ED89A110075D142 /* Script7AViewController.swift */,
				2BC4AC201ED89A200075D142 /* Script8AViewController.swift */,
				2BC4AC021ED888E10075D142 /* Script4ViewController.swift */,
				2BC4AC041ED888F00075D142 /* Script5ViewController.swift */,
				2BC4AC061ED888FC0075D142 /* Script6ViewController.swift */,
				2BC4AC081ED889060075D142 /* Script7ViewController.swift */,
				2BC4AC221ED89A330075D142 /* Script9AViewController.swift */,
				2BC4AC241ED89A3B0075D142 /* Script10AViewController.swift */,
				2BC4AC0A1ED8890E0075D142 /* Script8ViewController.swift */,
				2BC4AC261ED89A490075D142 /* Script12AViewController.swift */,
				2BC4AC0C1ED8891D0075D142 /* Script9ViewController.swift */,
				2BC4AC0E1ED889290075D142 /* Script10ViewController.swift */,
				2BC4AC101ED889330075D142 /* Script11ViewController.swift */,
				2BC4AC121ED889470075D142 /* Script12ViewController.swift */,
				2BC4AC141ED8894F0075D142 /* Script13ViewController.swift */,
				84D5BFD91EE864CB0094390A /* ScriptMainVC.swift */,
				84AF22721EE7BCD9006D0EA5 /* PageVCs */,
			);
			name = Script;
			sourceTree = "<group>";
		};
		2B488F181ED3690900A27479 /* Roles */ = {
			isa = PBXGroup;
			children = (
				2B488F111ED3688C00A27479 /* RolesViewController.swift */,
				2B488F361ED3AFBC00A27479 /* RoleInformationViewController.swift */,
			);
			name = Roles;
			sourceTree = "<group>";
		};
		2B6CDE5020C06990000D36E2 /* Frameworks */ = {
			isa = PBXGroup;
			children = (
				2B6CDE5120C06990000D36E2 /* SpriteKit.framework */,
			);
			name = Frameworks;
			sourceTree = "<group>";
		};
		2BB18CE21EDFE220005E8515 /* InfoCards */ = {
			isa = PBXGroup;
			children = (
				2BB18CE31EDFE25C005E8515 /* PlayerInfoViewController.swift */,
				2BB18CE51EDFE268005E8515 /* OptionsInfoViewController.swift */,
				2BB18CE71EDFE277005E8515 /* CardsInfoViewController.swift */,
				2B406E791EE8820C0099A0B8 /* RoleInfoViewController.swift */,
			);
			name = InfoCards;
			sourceTree = "<group>";
		};
		2BFEDDE01EC4C2E600AB18BD = {
			isa = PBXGroup;
			children = (
				2BFEDDEB1EC4C2E600AB18BD /* MafiaRising */,
				2BFEDE001EC4C2E600AB18BD /* MafiaRisingTests */,
				2BFEDE0B1EC4C2E700AB18BD /* MafiaRisingUITests */,
				2BFEDDEA1EC4C2E600AB18BD /* Products */,
				2B6CDE5020C06990000D36E2 /* Frameworks */,
			);
			sourceTree = "<group>";
		};
		2BFEDDEA1EC4C2E600AB18BD /* Products */ = {
			isa = PBXGroup;
			children = (
				2BFEDDE91EC4C2E600AB18BD /* MafiaRising.app */,
				2BFEDDFD1EC4C2E600AB18BD /* MafiaRisingTests.xctest */,
				2BFEDE081EC4C2E700AB18BD /* MafiaRisingUITests.xctest */,
			);
			name = Products;
			sourceTree = "<group>";
		};
		2BFEDDEB1EC4C2E600AB18BD /* MafiaRising */ = {
			isa = PBXGroup;
			children = (
				2B488F081ED366DD00A27479 /* Resources */,
				2B488F071ED3669700A27479 /* Model */,
				2B488F061ED3668F00A27479 /* Controller */,
				2B488F051ED3668900A27479 /* View */,
				2BFEDDEC1EC4C2E600AB18BD /* AppDelegate.swift */,
				2BFEDDF01EC4C2E600AB18BD /* Main.storyboard */,
				2BFEDDF31EC4C2E600AB18BD /* Assets.xcassets */,
				2BFEDDF51EC4C2E600AB18BD /* LaunchScreen.storyboard */,
				2BFEDDF81EC4C2E600AB18BD /* Info.plist */,
			);
			path = MafiaRising;
			sourceTree = "<group>";
		};
		2BFEDE001EC4C2E600AB18BD /* MafiaRisingTests */ = {
			isa = PBXGroup;
			children = (
				2BFEDE011EC4C2E600AB18BD /* MafiaRisingTests.swift */,
				2BFEDE031EC4C2E600AB18BD /* Info.plist */,
			);
			path = MafiaRisingTests;
			sourceTree = "<group>";
		};
		2BFEDE0B1EC4C2E700AB18BD /* MafiaRisingUITests */ = {
			isa = PBXGroup;
			children = (
				2BFEDE0C1EC4C2E700AB18BD /* MafiaRisingUITests.swift */,
				2BFEDE0E1EC4C2E700AB18BD /* Info.plist */,
			);
			path = MafiaRisingUITests;
			sourceTree = "<group>";
		};
		84AF22721EE7BCD9006D0EA5 /* PageVCs */ = {
			isa = PBXGroup;
			children = (
				84AF226E1EE7B91D006D0EA5 /* ScriptPageVC.swift */,
				84AF22701EE7BA6A006D0EA5 /* ScriptPageVCVert1.swift */,
				84AF22731EE7BD01006D0EA5 /* ScriptPageVCVert2.swift */,
				84AF22751EE7BD0C006D0EA5 /* ScriptPageVCVert3.swift */,
				84AF22771EE7BD14006D0EA5 /* ScriptPageVCVert4.swift */,
				84AF22791EE7BD1E006D0EA5 /* ScriptPageVCVert5.swift */,
				84AF227B1EE7BD26006D0EA5 /* ScriptPageVCVert6.swift */,
				84AF227D1EE7BD2F006D0EA5 /* ScriptPageVCVert7.swift */,
				84AF227F1EE7BD36006D0EA5 /* ScriptPageVCVert8.swift */,
				84AF22811EE7BD3E006D0EA5 /* ScriptPageVCVert9.swift */,
			);
			name = PageVCs;
			sourceTree = "<group>";
		};
		84D8E3BB1F41F9F000172221 /* Intro Screens */ = {
			isa = PBXGroup;
			children = (
				84D8E3BC1F41FA1000172221 /* Intro1ViewController.swift */,
				84D8E3BE1F41FA2000172221 /* Intro2ViewController.swift */,
			);
			name = "Intro Screens";
			sourceTree = "<group>";
		};
/* End PBXGroup section */

/* Begin PBXNativeTarget section */
		2BFEDDE81EC4C2E600AB18BD /* MafiaRising */ = {
			isa = PBXNativeTarget;
			buildConfigurationList = 2BFEDE111EC4C2E700AB18BD /* Build configuration list for PBXNativeTarget "MafiaRising" */;
			buildPhases = (
				2BFEDDE51EC4C2E600AB18BD /* Sources */,
				2BFEDDE61EC4C2E600AB18BD /* Frameworks */,
				2BFEDDE71EC4C2E600AB18BD /* Resources */,
			);
			buildRules = (
			);
			dependencies = (
			);
			name = MafiaRising;
			productName = MafiaRising;
			productReference = 2BFEDDE91EC4C2E600AB18BD /* MafiaRising.app */;
			productType = "com.apple.product-type.application";
		};
		2BFEDDFC1EC4C2E600AB18BD /* MafiaRisingTests */ = {
			isa = PBXNativeTarget;
			buildConfigurationList = 2BFEDE141EC4C2E700AB18BD /* Build configuration list for PBXNativeTarget "MafiaRisingTests" */;
			buildPhases = (
				2BFEDDF91EC4C2E600AB18BD /* Sources */,
				2BFEDDFA1EC4C2E600AB18BD /* Frameworks */,
				2BFEDDFB1EC4C2E600AB18BD /* Resources */,
			);
			buildRules = (
			);
			dependencies = (
				2BFEDDFF1EC4C2E600AB18BD /* PBXTargetDependency */,
			);
			name = MafiaRisingTests;
			productName = MafiaRisingTests;
			productReference = 2BFEDDFD1EC4C2E600AB18BD /* MafiaRisingTests.xctest */;
			productType = "com.apple.product-type.bundle.unit-test";
		};
		2BFEDE071EC4C2E600AB18BD /* MafiaRisingUITests */ = {
			isa = PBXNativeTarget;
			buildConfigurationList = 2BFEDE171EC4C2E700AB18BD /* Build configuration list for PBXNativeTarget "MafiaRisingUITests" */;
			buildPhases = (
				2BFEDE041EC4C2E600AB18BD /* Sources */,
				2BFEDE051EC4C2E600AB18BD /* Frameworks */,
				2BFEDE061EC4C2E600AB18BD /* Resources */,
			);
			buildRules = (
			);
			dependencies = (
				2BFEDE0A1EC4C2E700AB18BD /* PBXTargetDependency */,
			);
			name = MafiaRisingUITests;
			productName = MafiaRisingUITests;
			productReference = 2BFEDE081EC4C2E700AB18BD /* MafiaRisingUITests.xctest */;
			productType = "com.apple.product-type.bundle.ui-testing";
		};
/* End PBXNativeTarget section */

/* Begin PBXProject section */
		2BFEDDE11EC4C2E600AB18BD /* Project object */ = {
			isa = PBXProject;
			attributes = {
				LastSwiftUpdateCheck = 0830;
				LastUpgradeCheck = 0930;
				ORGANIZATIONNAME = "Joseph Yuen";
				TargetAttributes = {
					2BFEDDE81EC4C2E600AB18BD = {
						CreatedOnToolsVersion = 8.3.2;
						DevelopmentTeam = 9B8N77PSA8;
						LastSwiftMigration = 0910;
						ProvisioningStyle = Automatic;
						SystemCapabilities = {
							com.apple.BackgroundModes = {
								enabled = 0;
							};
						};
					};
					2BFEDDFC1EC4C2E600AB18BD = {
						CreatedOnToolsVersion = 8.3.2;
						DevelopmentTeam = 9B8N77PSA8;
						LastSwiftMigration = 0910;
						ProvisioningStyle = Automatic;
						TestTargetID = 2BFEDDE81EC4C2E600AB18BD;
					};
					2BFEDE071EC4C2E600AB18BD = {
						CreatedOnToolsVersion = 8.3.2;
						DevelopmentTeam = 9B8N77PSA8;
						LastSwiftMigration = 0910;
						ProvisioningStyle = Automatic;
						TestTargetID = 2BFEDDE81EC4C2E600AB18BD;
					};
				};
			};
			buildConfigurationList = 2BFEDDE41EC4C2E600AB18BD /* Build configuration list for PBXProject "MafiaRising" */;
			compatibilityVersion = "Xcode 3.2";
			developmentRegion = English;
			hasScannedForEncodings = 0;
			knownRegions = (
				en,
				Base,
			);
			mainGroup = 2BFEDDE01EC4C2E600AB18BD;
			productRefGroup = 2BFEDDEA1EC4C2E600AB18BD /* Products */;
			projectDirPath = "";
			projectRoot = "";
			targets = (
				2BFEDDE81EC4C2E600AB18BD /* MafiaRising */,
				2BFEDDFC1EC4C2E600AB18BD /* MafiaRisingTests */,
				2BFEDE071EC4C2E600AB18BD /* MafiaRisingUITests */,
			);
		};
/* End PBXProject section */

/* Begin PBXResourcesBuildPhase section */
		2BFEDDE71EC4C2E600AB18BD /* Resources */ = {
			isa = PBXResourcesBuildPhase;
			buildActionMask = 2147483647;
			files = (
				2BFEDE1B1EC4C7CE00AB18BD /* Kefa.ttc in Resources */,
				2B6CDE4F20C0612B000D36E2 /* SmokeParticle.sks in Resources */,
				2BFEDDF71EC4C2E600AB18BD /* LaunchScreen.storyboard in Resources */,
				2B280F001ED8859700EF6EE1 /* Manteka.ttf in Resources */,
				2BFEDDF41EC4C2E600AB18BD /* Assets.xcassets in Resources */,
				2BFEDDF21EC4C2E600AB18BD /* Main.storyboard in Resources */,
			);
			runOnlyForDeploymentPostprocessing = 0;
		};
		2BFEDDFB1EC4C2E600AB18BD /* Resources */ = {
			isa = PBXResourcesBuildPhase;
			buildActionMask = 2147483647;
			files = (
			);
			runOnlyForDeploymentPostprocessing = 0;
		};
		2BFEDE061EC4C2E600AB18BD /* Resources */ = {
			isa = PBXResourcesBuildPhase;
			buildActionMask = 2147483647;
			files = (
			);
			runOnlyForDeploymentPostprocessing = 0;
		};
/* End PBXResourcesBuildPhase section */

/* Begin PBXSourcesBuildPhase section */
		2BFEDDE51EC4C2E600AB18BD /* Sources */ = {
			isa = PBXSourcesBuildPhase;
			buildActionMask = 2147483647;
			files = (
				2B488F0E1ED3684100A27479 /* Tutorial1ViewController.swift in Sources */,
				2B406E7C1EE896360099A0B8 /* CheckBox.swift in Sources */,
				2B764D141EF9E9BC005BC32B /* SoundEffect.swift in Sources */,
				2B488F1C1ED3698600A27479 /* 2RoleSetUpViewController.swift in Sources */,
				2B0042441EE1E4A100A747BA /* Tutorial13ViewController.swift in Sources */,
				2B00423C1EE1E47800A747BA /* Tutorial9ViewController.swift in Sources */,
				84AF22801EE7BD36006D0EA5 /* ScriptPageVCVert8.swift in Sources */,
				2B47C16A1F473A2A00820478 /* CreditsViewController.swift in Sources */,
				84AF22741EE7BD01006D0EA5 /* ScriptPageVCVert2.swift in Sources */,
				2B488F0A1ED366F400A27479 /* OptionsViewController.swift in Sources */,
				2B488F371ED3AFBC00A27479 /* RoleInformationViewController.swift in Sources */,
				2BC4AC1B1ED899FD0075D142 /* Script4AViewController.swift in Sources */,
				2B488F291ED36A0200A27479 /* 7ChooseViewController.swift in Sources */,
				84A3C3511EE9D19A00C802E6 /* Universal Functions.swift in Sources */,
				2BB18CE81EDFE277005E8515 /* CardsInfoViewController.swift in Sources */,
				2BC4ABFF1ED888D00075D142 /* Script2ViewController.swift in Sources */,
				2B00422E1EE1E41900A747BA /* Tutorial2ViewController.swift in Sources */,
				2B488F1E1ED3699400A27479 /* 3CardRevealViewController.swift in Sources */,
				2BFEDDED1EC4C2E600AB18BD /* AppDelegate.swift in Sources */,
				84AF226F1EE7B91D006D0EA5 /* ScriptPageVC.swift in Sources */,
				2B00423E1EE1E47F00A747BA /* Tutorial10ViewController.swift in Sources */,
				2B0042401EE1E48800A747BA /* Tutorial11ViewController.swift in Sources */,
				2B00424C1EE1E4E000A747BA /* Tutorial17ViewController.swift in Sources */,
				2BC4AC131ED889470075D142 /* Script12ViewController.swift in Sources */,
				2BC4AC0B1ED8890E0075D142 /* Script8ViewController.swift in Sources */,
				2B0042481EE1E4B900A747BA /* Tutorial15ViewController.swift in Sources */,
				84D5BFDA1EE864CB0094390A /* ScriptMainVC.swift in Sources */,
				2BC4AC171ED899D80075D142 /* Script2AViewController.swift in Sources */,
				2B488F041ED3653700A27479 /* HomeViewController.swift in Sources */,
				2B5CC8F31F0C3483002A04B4 /* PlayerCollectionViewCell.swift in Sources */,
				2BC4AC031ED888E10075D142 /* Script4ViewController.swift in Sources */,
				2B488F311ED37F6A00A27479 /* Info.swift in Sources */,
				84AF22691EE7A224006D0EA5 /* TutorialPageVCVert1.swift in Sources */,
				2B5CC8EF1F0C0496002A04B4 /* ChooseCollectionViewController.swift in Sources */,
				2B0042321EE1E44500A747BA /* Tutorial4ViewController.swift in Sources */,
				2BC4AC111ED889330075D142 /* Script11ViewController.swift in Sources */,
				2BC4AC231ED89A330075D142 /* Script9AViewController.swift in Sources */,
				84AF22671EE7A12F006D0EA5 /* TutorialPageVC.swift in Sources */,
				2BC4AC251ED89A3B0075D142 /* Script10AViewController.swift in Sources */,
				2BC4AC0F1ED889290075D142 /* Script10ViewController.swift in Sources */,
				2BC4AC271ED89A490075D142 /* Script12AViewController.swift in Sources */,
				2B00424A1EE1E4D600A747BA /* Tutorial16ViewController.swift in Sources */,
				2BB18CE41EDFE25C005E8515 /* PlayerInfoViewController.swift in Sources */,
				2B764C641EF5C37F005BC32B /* Player.swift in Sources */,
				2B488F121ED3688C00A27479 /* RolesViewController.swift in Sources */,
				2BC4AC151ED8894F0075D142 /* Script13ViewController.swift in Sources */,
				84AF22821EE7BD3E006D0EA5 /* ScriptPageVCVert9.swift in Sources */,
				2BC4AC191ED899ED0075D142 /* Script3AViewController.swift in Sources */,
				2B0042461EE1E4AD00A747BA /* Tutorial14ViewController.swift in Sources */,
				84AF22711EE7BA6A006D0EA5 /* ScriptPageVCVert1.swift in Sources */,
				2B0042341EE1E44E00A747BA /* Tutorial5ViewController.swift in Sources */,
				2BB18CE11EDFABE3005E8515 /* Script01ViewController.swift in Sources */,
				2BC4AC071ED888FC0075D142 /* Script6ViewController.swift in Sources */,
				2B488F2D1ED36A6100A27479 /* 9EndViewController.swift in Sources */,
				2B406E7A1EE8820C0099A0B8 /* RoleInfoViewController.swift in Sources */,
				2BC4AC011ED888D80075D142 /* Script3ViewController.swift in Sources */,
				2BC4AC1F1ED89A110075D142 /* Script7AViewController.swift in Sources */,
				2B00424E1EE1E4EC00A747BA /* Tutorial18ViewController.swift in Sources */,
				2B488F2F1ED375A000A27479 /* Header.swift in Sources */,
				2B488F261ED369E600A27479 /* 6DayViewController.swift in Sources */,
				84AF226D1EE7A589006D0EA5 /* TutorialMainVC.swift in Sources */,
				2BB18CE61EDFE268005E8515 /* OptionsInfoViewController.swift in Sources */,
				84AF226B1EE7A291006D0EA5 /* TutorialPageVCVert2.swift in Sources */,
				2B488F0C1ED3675800A27479 /* RulesMenuViewController.swift in Sources */,
				2B0042381EE1E46400A747BA /* Tutorial7ViewController.swift in Sources */,
				84AF22761EE7BD0C006D0EA5 /* ScriptPageVCVert3.swift in Sources */,
				2BC4AC211ED89A200075D142 /* Script8AViewController.swift in Sources */,
				84CF2CDA1EF05304008A7052 /* RoleImg.swift in Sources */,
				84D8E3BD1F41FA1000172221 /* Intro1ViewController.swift in Sources */,
				84AF227C1EE7BD26006D0EA5 /* ScriptPageVCVert6.swift in Sources */,
				2B0042541EE1E50A00A747BA /* Tutorial12AViewController.swift in Sources */,
				2B0042361EE1E45900A747BA /* Tutorial6ViewController.swift in Sources */,
				84AF227A1EE7BD1E006D0EA5 /* ScriptPageVCVert5.swift in Sources */,
				2BC4AC051ED888F00075D142 /* Script5ViewController.swift in Sources */,
				2BC4AC091ED889060075D142 /* Script7ViewController.swift in Sources */,
				2B488F241ED369D700A27479 /* 6NightViewController.swift in Sources */,
				2B0042521EE1E4FC00A747BA /* Tutorial19AViewController.swift in Sources */,
				2B488F221ED369C300A27479 /* 5StoryViewController.swift in Sources */,
				2B0042501EE1E4F500A747BA /* Tutorial19ViewController.swift in Sources */,
				2BC4AC0D1ED8891D0075D142 /* Script9ViewController.swift in Sources */,
				2B00423A1EE1E46B00A747BA /* Tutorial8ViewController.swift in Sources */,
				84AF227E1EE7BD2F006D0EA5 /* ScriptPageVCVert7.swift in Sources */,
				2B488F351ED3AEBC00A27479 /* GameRolesViewController.swift in Sources */,
				2B488F331ED3A32700A27479 /* PauseViewController.swift in Sources */,
				84AF22781EE7BD14006D0EA5 /* ScriptPageVCVert4.swift in Sources */,
				84D8E3C11F42433600172221 /* 1PlayersViewController.swift in Sources */,
				2B488F2B1ED36A3900A27479 /* 8VictoryViewController.swift in Sources */,
				2B488F201ED369A100A27479 /* 4ReadyViewController.swift in Sources */,
				84D8E3BF1F41FA2000172221 /* Intro2ViewController.swift in Sources */,
				2B0042421EE1E49800A747BA /* Tutorial12ViewController.swift in Sources */,
				2B0042301EE1E43B00A747BA /* Tutorial3ViewController.swift in Sources */,
				2BC4AC1D1ED89A090075D142 /* Script5AViewController.swift in Sources */,
			);
			runOnlyForDeploymentPostprocessing = 0;
		};
		2BFEDDF91EC4C2E600AB18BD /* Sources */ = {
			isa = PBXSourcesBuildPhase;
			buildActionMask = 2147483647;
			files = (
				2BFEDE021EC4C2E600AB18BD /* MafiaRisingTests.swift in Sources */,
			);
			runOnlyForDeploymentPostprocessing = 0;
		};
		2BFEDE041EC4C2E600AB18BD /* Sources */ = {
			isa = PBXSourcesBuildPhase;
			buildActionMask = 2147483647;
			files = (
				2BFEDE0D1EC4C2E700AB18BD /* MafiaRisingUITests.swift in Sources */,
			);
			runOnlyForDeploymentPostprocessing = 0;
		};
/* End PBXSourcesBuildPhase section */

/* Begin PBXTargetDependency section */
		2BFEDDFF1EC4C2E600AB18BD /* PBXTargetDependency */ = {
			isa = PBXTargetDependency;
			target = 2BFEDDE81EC4C2E600AB18BD /* MafiaRising */;
			targetProxy = 2BFEDDFE1EC4C2E600AB18BD /* PBXContainerItemProxy */;
		};
		2BFEDE0A1EC4C2E700AB18BD /* PBXTargetDependency */ = {
			isa = PBXTargetDependency;
			target = 2BFEDDE81EC4C2E600AB18BD /* MafiaRising */;
			targetProxy = 2BFEDE091EC4C2E700AB18BD /* PBXContainerItemProxy */;
		};
/* End PBXTargetDependency section */

/* Begin PBXVariantGroup section */
		2BFEDDF01EC4C2E600AB18BD /* Main.storyboard */ = {
			isa = PBXVariantGroup;
			children = (
				2BFEDDF11EC4C2E600AB18BD /* Base */,
			);
			name = Main.storyboard;
			sourceTree = "<group>";
		};
		2BFEDDF51EC4C2E600AB18BD /* LaunchScreen.storyboard */ = {
			isa = PBXVariantGroup;
			children = (
				2BFEDDF61EC4C2E600AB18BD /* Base */,
			);
			name = LaunchScreen.storyboard;
			sourceTree = "<group>";
		};
/* End PBXVariantGroup section */

/* Begin XCBuildConfiguration section */
		2BFEDE0F1EC4C2E700AB18BD /* Debug */ = {
			isa = XCBuildConfiguration;
			buildSettings = {
				ALWAYS_SEARCH_USER_PATHS = NO;
				CLANG_ANALYZER_NONNULL = YES;
				CLANG_ANALYZER_NUMBER_OBJECT_CONVERSION = YES_AGGRESSIVE;
				CLANG_CXX_LANGUAGE_STANDARD = "gnu++0x";
				CLANG_CXX_LIBRARY = "libc++";
				CLANG_ENABLE_MODULES = YES;
				CLANG_ENABLE_OBJC_ARC = YES;
				CLANG_WARN_BLOCK_CAPTURE_AUTORELEASING = YES;
				CLANG_WARN_BOOL_CONVERSION = YES;
				CLANG_WARN_COMMA = YES;
				CLANG_WARN_CONSTANT_CONVERSION = YES;
				CLANG_WARN_DEPRECATED_OBJC_IMPLEMENTATIONS = YES;
				CLANG_WARN_DIRECT_OBJC_ISA_USAGE = YES_ERROR;
				CLANG_WARN_DOCUMENTATION_COMMENTS = YES;
				CLANG_WARN_EMPTY_BODY = YES;
				CLANG_WARN_ENUM_CONVERSION = YES;
				CLANG_WARN_INFINITE_RECURSION = YES;
				CLANG_WARN_INT_CONVERSION = YES;
				CLANG_WARN_NON_LITERAL_NULL_CONVERSION = YES;
				CLANG_WARN_OBJC_IMPLICIT_RETAIN_SELF = YES;
				CLANG_WARN_OBJC_LITERAL_CONVERSION = YES;
				CLANG_WARN_OBJC_ROOT_CLASS = YES_ERROR;
				CLANG_WARN_RANGE_LOOP_ANALYSIS = YES;
				CLANG_WARN_STRICT_PROTOTYPES = YES;
				CLANG_WARN_SUSPICIOUS_MOVE = YES;
				CLANG_WARN_UNREACHABLE_CODE = YES;
				CLANG_WARN__DUPLICATE_METHOD_MATCH = YES;
				CODE_SIGN_IDENTITY = "iPhone Distribution";
				"CODE_SIGN_IDENTITY[sdk=iphoneos*]" = "iPhone Distribution";
				COPY_PHASE_STRIP = NO;
				DEBUG_INFORMATION_FORMAT = dwarf;
				DEVELOPMENT_TEAM = 9B8N77PSA8;
				ENABLE_STRICT_OBJC_MSGSEND = YES;
				ENABLE_TESTABILITY = YES;
				GCC_C_LANGUAGE_STANDARD = gnu99;
				GCC_DYNAMIC_NO_PIC = NO;
				GCC_NO_COMMON_BLOCKS = YES;
				GCC_OPTIMIZATION_LEVEL = 0;
				GCC_PREPROCESSOR_DEFINITIONS = (
					"DEBUG=1",
					"$(inherited)",
				);
				GCC_WARN_64_TO_32_BIT_CONVERSION = YES;
				GCC_WARN_ABOUT_RETURN_TYPE = YES_ERROR;
				GCC_WARN_UNDECLARED_SELECTOR = YES;
				GCC_WARN_UNINITIALIZED_AUTOS = YES_AGGRESSIVE;
				GCC_WARN_UNUSED_FUNCTION = YES;
				GCC_WARN_UNUSED_VARIABLE = YES;
				IPHONEOS_DEPLOYMENT_TARGET = 11.0;
				MTL_ENABLE_DEBUG_INFO = YES;
				ONLY_ACTIVE_ARCH = YES;
				"OTHER_CODE_SIGN_FLAGS[sdk=*]" = "";
				SDKROOT = iphoneos;
				SWIFT_ACTIVE_COMPILATION_CONDITIONS = DEBUG;
				SWIFT_OPTIMIZATION_LEVEL = "-Onone";
			};
			name = Debug;
		};
		2BFEDE101EC4C2E700AB18BD /* Release */ = {
			isa = XCBuildConfiguration;
			buildSettings = {
				ALWAYS_SEARCH_USER_PATHS = NO;
				CLANG_ANALYZER_NONNULL = YES;
				CLANG_ANALYZER_NUMBER_OBJECT_CONVERSION = YES_AGGRESSIVE;
				CLANG_CXX_LANGUAGE_STANDARD = "gnu++0x";
				CLANG_CXX_LIBRARY = "libc++";
				CLANG_ENABLE_MODULES = YES;
				CLANG_ENABLE_OBJC_ARC = YES;
				CLANG_WARN_BLOCK_CAPTURE_AUTORELEASING = YES;
				CLANG_WARN_BOOL_CONVERSION = YES;
				CLANG_WARN_COMMA = YES;
				CLANG_WARN_CONSTANT_CONVERSION = YES;
				CLANG_WARN_DEPRECATED_OBJC_IMPLEMENTATIONS = YES;
				CLANG_WARN_DIRECT_OBJC_ISA_USAGE = YES_ERROR;
				CLANG_WARN_DOCUMENTATION_COMMENTS = YES;
				CLANG_WARN_EMPTY_BODY = YES;
				CLANG_WARN_ENUM_CONVERSION = YES;
				CLANG_WARN_INFINITE_RECURSION = YES;
				CLANG_WARN_INT_CONVERSION = YES;
				CLANG_WARN_NON_LITERAL_NULL_CONVERSION = YES;
				CLANG_WARN_OBJC_IMPLICIT_RETAIN_SELF = YES;
				CLANG_WARN_OBJC_LITERAL_CONVERSION = YES;
				CLANG_WARN_OBJC_ROOT_CLASS = YES_ERROR;
				CLANG_WARN_RANGE_LOOP_ANALYSIS = YES;
				CLANG_WARN_STRICT_PROTOTYPES = YES;
				CLANG_WARN_SUSPICIOUS_MOVE = YES;
				CLANG_WARN_UNREACHABLE_CODE = YES;
				CLANG_WARN__DUPLICATE_METHOD_MATCH = YES;
				CODE_SIGN_IDENTITY = "iPhone Distribution";
				"CODE_SIGN_IDENTITY[sdk=iphoneos*]" = "iPhone Distribution";
				COPY_PHASE_STRIP = NO;
				DEBUG_INFORMATION_FORMAT = "dwarf-with-dsym";
				DEVELOPMENT_TEAM = 9B8N77PSA8;
				ENABLE_NS_ASSERTIONS = NO;
				ENABLE_STRICT_OBJC_MSGSEND = YES;
				GCC_C_LANGUAGE_STANDARD = gnu99;
				GCC_NO_COMMON_BLOCKS = YES;
				GCC_WARN_64_TO_32_BIT_CONVERSION = YES;
				GCC_WARN_ABOUT_RETURN_TYPE = YES_ERROR;
				GCC_WARN_UNDECLARED_SELECTOR = YES;
				GCC_WARN_UNINITIALIZED_AUTOS = YES_AGGRESSIVE;
				GCC_WARN_UNUSED_FUNCTION = YES;
				GCC_WARN_UNUSED_VARIABLE = YES;
				IPHONEOS_DEPLOYMENT_TARGET = 11.0;
				MTL_ENABLE_DEBUG_INFO = NO;
				SDKROOT = iphoneos;
				SWIFT_OPTIMIZATION_LEVEL = "-Owholemodule";
				VALIDATE_PRODUCT = YES;
			};
			name = Release;
		};
		2BFEDE121EC4C2E700AB18BD /* Debug */ = {
			isa = XCBuildConfiguration;
			buildSettings = {
				ASSETCATALOG_COMPILER_APPICON_NAME = AppIcon;
				CODE_SIGN_IDENTITY = "iPhone Developer";
				CODE_SIGN_STYLE = Automatic;
				DEVELOPMENT_TEAM = 9B8N77PSA8;
				INFOPLIST_FILE = MafiaRising/Info.plist;
				LD_RUNPATH_SEARCH_PATHS = "$(inherited) @executable_path/Frameworks";
				PRODUCT_BUNDLE_IDENTIFIER = com.illum.MafiaRising;
				PRODUCT_NAME = "$(TARGET_NAME)";
				PROVISIONING_PROFILE_SPECIFIER = "";
				SWIFT_SWIFT3_OBJC_INFERENCE = Default;
				SWIFT_VERSION = 4.0;
				TARGETED_DEVICE_FAMILY = 1;
			};
			name = Debug;
		};
		2BFEDE131EC4C2E700AB18BD /* Release */ = {
			isa = XCBuildConfiguration;
			buildSettings = {
				ASSETCATALOG_COMPILER_APPICON_NAME = AppIcon;
				CODE_SIGN_IDENTITY = "iPhone Developer";
				CODE_SIGN_STYLE = Automatic;
				DEVELOPMENT_TEAM = 9B8N77PSA8;
				INFOPLIST_FILE = MafiaRising/Info.plist;
				LD_RUNPATH_SEARCH_PATHS = "$(inherited) @executable_path/Frameworks";
				PRODUCT_BUNDLE_IDENTIFIER = com.illum.MafiaRising;
				PRODUCT_NAME = "$(TARGET_NAME)";
				PROVISIONING_PROFILE_SPECIFIER = "";
				SWIFT_SWIFT3_OBJC_INFERENCE = Default;
				SWIFT_VERSION = 4.0;
				TARGETED_DEVICE_FAMILY = 1;
			};
			name = Release;
		};
		2BFEDE151EC4C2E700AB18BD /* Debug */ = {
			isa = XCBuildConfiguration;
			buildSettings = {
				ALWAYS_EMBED_SWIFT_STANDARD_LIBRARIES = YES;
				BUNDLE_LOADER = "$(TEST_HOST)";
				INFOPLIST_FILE = MafiaRisingTests/Info.plist;
				LD_RUNPATH_SEARCH_PATHS = "$(inherited) @executable_path/Frameworks @loader_path/Frameworks";
				PRODUCT_BUNDLE_IDENTIFIER = illum.MafiaRisingTests;
				PRODUCT_NAME = "$(TARGET_NAME)";
				SWIFT_SWIFT3_OBJC_INFERENCE = On;
				SWIFT_VERSION = 4.0;
				TEST_HOST = "$(BUILT_PRODUCTS_DIR)/MafiaRising.app/MafiaRising";
			};
			name = Debug;
		};
		2BFEDE161EC4C2E700AB18BD /* Release */ = {
			isa = XCBuildConfiguration;
			buildSettings = {
				ALWAYS_EMBED_SWIFT_STANDARD_LIBRARIES = YES;
				BUNDLE_LOADER = "$(TEST_HOST)";
				INFOPLIST_FILE = MafiaRisingTests/Info.plist;
				LD_RUNPATH_SEARCH_PATHS = "$(inherited) @executable_path/Frameworks @loader_path/Frameworks";
				PRODUCT_BUNDLE_IDENTIFIER = illum.MafiaRisingTests;
				PRODUCT_NAME = "$(TARGET_NAME)";
				SWIFT_SWIFT3_OBJC_INFERENCE = On;
				SWIFT_VERSION = 4.0;
				TEST_HOST = "$(BUILT_PRODUCTS_DIR)/MafiaRising.app/MafiaRising";
			};
			name = Release;
		};
		2BFEDE181EC4C2E700AB18BD /* Debug */ = {
			isa = XCBuildConfiguration;
			buildSettings = {
				ALWAYS_EMBED_SWIFT_STANDARD_LIBRARIES = YES;
				INFOPLIST_FILE = MafiaRisingUITests/Info.plist;
				LD_RUNPATH_SEARCH_PATHS = "$(inherited) @executable_path/Frameworks @loader_path/Frameworks";
				PRODUCT_BUNDLE_IDENTIFIER = illum.MafiaRisingUITests;
				PRODUCT_NAME = "$(TARGET_NAME)";
				SWIFT_SWIFT3_OBJC_INFERENCE = On;
				SWIFT_VERSION = 4.0;
				TEST_TARGET_NAME = MafiaRising;
			};
			name = Debug;
		};
		2BFEDE191EC4C2E700AB18BD /* Release */ = {
			isa = XCBuildConfiguration;
			buildSettings = {
				ALWAYS_EMBED_SWIFT_STANDARD_LIBRARIES = YES;
				INFOPLIST_FILE = MafiaRisingUITests/Info.plist;
				LD_RUNPATH_SEARCH_PATHS = "$(inherited) @executable_path/Frameworks @loader_path/Frameworks";
				PRODUCT_BUNDLE_IDENTIFIER = illum.MafiaRisingUITests;
				PRODUCT_NAME = "$(TARGET_NAME)";
				SWIFT_SWIFT3_OBJC_INFERENCE = On;
				SWIFT_VERSION = 4.0;
				TEST_TARGET_NAME = MafiaRising;
			};
			name = Release;
		};
/* End XCBuildConfiguration section */

/* Begin XCConfigurationList section */
		2BFEDDE41EC4C2E600AB18BD /* Build configuration list for PBXProject "MafiaRising" */ = {
			isa = XCConfigurationList;
			buildConfigurations = (
				2BFEDE0F1EC4C2E700AB18BD /* Debug */,
				2BFEDE101EC4C2E700AB18BD /* Release */,
			);
			defaultConfigurationIsVisible = 0;
			defaultConfigurationName = Release;
		};
		2BFEDE111EC4C2E700AB18BD /* Build configuration list for PBXNativeTarget "MafiaRising" */ = {
			isa = XCConfigurationList;
			buildConfigurations = (
				2BFEDE121EC4C2E700AB18BD /* Debug */,
				2BFEDE131EC4C2E700AB18BD /* Release */,
			);
			defaultConfigurationIsVisible = 0;
			defaultConfigurationName = Release;
		};
		2BFEDE141EC4C2E700AB18BD /* Build configuration list for PBXNativeTarget "MafiaRisingTests" */ = {
			isa = XCConfigurationList;
			buildConfigurations = (
				2BFEDE151EC4C2E700AB18BD /* Debug */,
				2BFEDE161EC4C2E700AB18BD /* Release */,
			);
			defaultConfigurationIsVisible = 0;
			defaultConfigurationName = Release;
		};
		2BFEDE171EC4C2E700AB18BD /* Build configuration list for PBXNativeTarget "MafiaRisingUITests" */ = {
			isa = XCConfigurationList;
			buildConfigurations = (
				2BFEDE181EC4C2E700AB18BD /* Debug */,
				2BFEDE191EC4C2E700AB18BD /* Release */,
			);
			defaultConfigurationIsVisible = 0;
			defaultConfigurationName = Release;
		};
/* End XCConfigurationList section */
	};
	rootObject = 2BFEDDE11EC4C2E600AB18BD /* Project object */;
}
